
Microsoft Visual Studio Solution File, Format Version 12.00
# Visual Studio Version 17
VisualStudioVersion = 17.11.35208.52
MinimumVisualStudioVersion = 10.0.40219.1
Project("{FAE04EC0-301F-11D3-BF4B-00C04F79EFBC}") = "windowapp", "windowapp\windowapp.csproj", "{46BD283A-F6FE-467E-BF03-00B59EF80BEE}"
EndProject
Global
	GlobalSection(SolutionConfigurationPlatforms) = preSolution
		Debug|Any CPU = Debug|Any CPU
		Release|Any CPU = Release|Any CPU
	EndGlobalSection
	GlobalSection(ProjectConfigurationPlatforms) = postSolution
		{46BD283A-F6FE-467E-BF03-00B59EF80BEE}.Debug|Any CPU.ActiveCfg = Debug|Any CPU
		{46BD283A-F6FE-467E-BF03-00B59EF80BEE}.Debug|Any CPU.Build.0 = Debug|Any CPU
		{46BD283A-F6FE-467E-BF03-00B59EF80BEE}.Release|Any CPU.ActiveCfg = Release|Any CPU
		{46BD283A-F6FE-467E-BF03-00B59EF80BEE}.Release|Any CPU.Build.0 = Release|Any CPU
	EndGlobalSection
	GlobalSection(SolutionProperties) = preSolution
		HideSolutionNode = FALSE
	EndGlobalSection
	GlobalSection(ExtensibilityGlobals) = postSolution
		SolutionGuid = {CE9754D1-6F7E-4C74-88DB-38B562BA91AE}
	EndGlobalSection
EndGlobal
